
Microsoft Visual Studio Solution File, Format Version 12.00
# Visual Studio Version 17
VisualStudioVersion = 17.14.36429.23 d17.14
MinimumVisualStudioVersion = 10.0.40219.1
Project("{FAE04EC0-301F-11D3-BF4B-00C04F79EFBC}") = "PraugeParking.2.0", "PraugeParking.2.0\PraugeParking.2.0.csproj", "{88EA06B3-461A-4FFF-90F0-DA6E83AFF122}"
EndProject
Project("{FAE04EC0-301F-11D3-BF4B-00C04F79EFBC}") = "PraugeParking.Core", "PraugeParking.Core\PraugeParking.Core.csproj", "{BEA2BE8D-868E-4A0C-BCB2-F55C049706A0}"
EndProject
Project("{FAE04EC0-301F-11D3-BF4B-00C04F79EFBC}") = "PraugeParking.DataAccess", "PraugeParking.DataAccess\PraugeParking.DataAccess.csproj", "{74C30EA5-C62D-434C-AB7A-383454A6DB9A}"
EndProject
Project("{FAE04EC0-301F-11D3-BF4B-00C04F79EFBC}") = "PraugeParking.UI", "PraugeParking.UI\PraugeParking.UI.csproj", "{BA0B3038-7B9D-45AC-85C0-CF63126F905E}"
EndProject
Project("{FAE04EC0-301F-11D3-BF4B-00C04F79EFBC}") = "PraugeParking.Tests", "PraugeParking.Tests\PraugeParking.Tests.csproj", "{66B13083-77DE-425F-A6B4-D1D6C86049D3}"
EndProject
Global
	GlobalSection(SolutionConfigurationPlatforms) = preSolution
		Debug|Any CPU = Debug|Any CPU
		Release|Any CPU = Release|Any CPU
	EndGlobalSection
	GlobalSection(ProjectConfigurationPlatforms) = postSolution
		{88EA06B3-461A-4FFF-90F0-DA6E83AFF122}.Debug|Any CPU.ActiveCfg = Debug|Any CPU
		{88EA06B3-461A-4FFF-90F0-DA6E83AFF122}.Debug|Any CPU.Build.0 = Debug|Any CPU
		{88EA06B3-461A-4FFF-90F0-DA6E83AFF122}.Release|Any CPU.ActiveCfg = Release|Any CPU
		{88EA06B3-461A-4FFF-90F0-DA6E83AFF122}.Release|Any CPU.Build.0 = Release|Any CPU
		{BEA2BE8D-868E-4A0C-BCB2-F55C049706A0}.Debug|Any CPU.ActiveCfg = Debug|Any CPU
		{BEA2BE8D-868E-4A0C-BCB2-F55C049706A0}.Debug|Any CPU.Build.0 = Debug|Any CPU
		{BEA2BE8D-868E-4A0C-BCB2-F55C049706A0}.Release|Any CPU.ActiveCfg = Release|Any CPU
		{BEA2BE8D-868E-4A0C-BCB2-F55C049706A0}.Release|Any CPU.Build.0 = Release|Any CPU
		{74C30EA5-C62D-434C-AB7A-383454A6DB9A}.Debug|Any CPU.ActiveCfg = Debug|Any CPU
		{74C30EA5-C62D-434C-AB7A-383454A6DB9A}.Debug|Any CPU.Build.0 = Debug|Any CPU
		{74C30EA5-C62D-434C-AB7A-383454A6DB9A}.Release|Any CPU.ActiveCfg = Release|Any CPU
		{74C30EA5-C62D-434C-AB7A-383454A6DB9A}.Release|Any CPU.Build.0 = Release|Any CPU
		{BA0B3038-7B9D-45AC-85C0-CF63126F905E}.Debug|Any CPU.ActiveCfg = Debug|Any CPU
		{BA0B3038-7B9D-45AC-85C0-CF63126F905E}.Debug|Any CPU.Build.0 = Debug|Any CPU
		{BA0B3038-7B9D-45AC-85C0-CF63126F905E}.Release|Any CPU.ActiveCfg = Release|Any CPU
		{BA0B3038-7B9D-45AC-85C0-CF63126F905E}.Release|Any CPU.Build.0 = Release|Any CPU
		{66B13083-77DE-425F-A6B4-D1D6C86049D3}.Debug|Any CPU.ActiveCfg = Debug|Any CPU
		{66B13083-77DE-425F-A6B4-D1D6C86049D3}.Debug|Any CPU.Build.0 = Debug|Any CPU
		{66B13083-77DE-425F-A6B4-D1D6C86049D3}.Release|Any CPU.ActiveCfg = Release|Any CPU
		{66B13083-77DE-425F-A6B4-D1D6C86049D3}.Release|Any CPU.Build.0 = Release|Any CPU
	EndGlobalSection
	GlobalSection(SolutionProperties) = preSolution
		HideSolutionNode = FALSE
	EndGlobalSection
	GlobalSection(ExtensibilityGlobals) = postSolution
		SolutionGuid = {B30FFBAD-E484-4964-B5E8-DDBB170787AD}
	EndGlobalSection
EndGlobal
